
Microsoft Visual Studio Solution File, Format Version 12.00
# Visual Studio Version 17
VisualStudioVersion = 17.14.36616.10 d17.14
MinimumVisualStudioVersion = 10.0.40219.1
Project("{FAE04EC0-301F-11D3-BF4B-00C04F79EFBC}") = "GEStock", "GEStock\GEStock.csproj", "{AF7E19EF-FBAF-469F-BDF0-E88248F85667}"
EndProject
Global
	GlobalSection(SolutionConfigurationPlatforms) = preSolution
		Debug|Any CPU = Debug|Any CPU
		Release|Any CPU = Release|Any CPU
	EndGlobalSection
	GlobalSection(ProjectConfigurationPlatforms) = postSolution
		{AF7E19EF-FBAF-469F-BDF0-E88248F85667}.Debug|Any CPU.ActiveCfg = Debug|Any CPU
		{AF7E19EF-FBAF-469F-BDF0-E88248F85667}.Debug|Any CPU.Build.0 = Debug|Any CPU
		{AF7E19EF-FBAF-469F-BDF0-E88248F85667}.Release|Any CPU.ActiveCfg = Release|Any CPU
		{AF7E19EF-FBAF-469F-BDF0-E88248F85667}.Release|Any CPU.Build.0 = Release|Any CPU
	EndGlobalSection
	GlobalSection(SolutionProperties) = preSolution
		HideSolutionNode = FALSE
	EndGlobalSection
	GlobalSection(ExtensibilityGlobals) = postSolution
		SolutionGuid = {B824996F-92EE-4562-8F8E-4CE18740A7D9}
	EndGlobalSection
EndGlobal
